
Microsoft Visual Studio Solution File, Format Version 12.00
# Visual Studio Version 16
VisualStudioVersion = 16.0.30225.117
MinimumVisualStudioVersion = 10.0.40219.1
Project("{2150E333-8FDC-42A3-9474-1A3956D46DE8}") = "build", "build", "{BF60BC93-E09B-4E5F-9D85-95A519479D54}"
	ProjectSection(SolutionItems) = preProject
		build.fsx = build.fsx
		README.md = README.md
		RELEASE_NOTES.md = RELEASE_NOTES.md
	EndProjectSection
EndProject
Project("{FAE04EC0-301F-11D3-BF4B-00C04F79EFBC}") = "Stanford.NLP.CoreNLP.Tests", "tests\Stanford.NLP.CoreNLP.Tests\Stanford.NLP.CoreNLP.Tests.csproj", "{8FD5937A-91FF-4220-8F81-CB1F6C7C5C68}"
EndProject
Global
	GlobalSection(SolutionConfigurationPlatforms) = preSolution
		Debug|Any CPU = Debug|Any CPU
		Release|Any CPU = Release|Any CPU
	EndGlobalSection
	GlobalSection(ProjectConfigurationPlatforms) = postSolution
		{8FD5937A-91FF-4220-8F81-CB1F6C7C5C68}.Debug|Any CPU.ActiveCfg = Debug|Any CPU
		{8FD5937A-91FF-4220-8F81-CB1F6C7C5C68}.Debug|Any CPU.Build.0 = Debug|Any CPU
		{8FD5937A-91FF-4220-8F81-CB1F6C7C5C68}.Release|Any CPU.ActiveCfg = Release|Any CPU
		{8FD5937A-91FF-4220-8F81-CB1F6C7C5C68}.Release|Any CPU.Build.0 = Release|Any CPU
	EndGlobalSection
	GlobalSection(SolutionProperties) = preSolution
		HideSolutionNode = FALSE
	EndGlobalSection
	GlobalSection(NestedProjects) = preSolution
	EndGlobalSection
	GlobalSection(ExtensibilityGlobals) = postSolution
		SolutionGuid = {E257E391-8FA8-4FAC-A612-5F9CE36F53D3}
	EndGlobalSection
EndGlobal
